
Microsoft Visual Studio Solution File, Format Version 12.00
# Visual Studio 15
VisualStudioVersion = 15.0.28307.329
MinimumVisualStudioVersion = 10.0.40219.1
Project("{FAE04EC0-301F-11D3-BF4B-00C04F79EFBC}") = "ClassRoom", "ClassRoom\ClassRoom.csproj", "{56D6C600-9F67-4F35-BD36-715638C4A5D1}"
EndProject
Project("{FAE04EC0-301F-11D3-BF4B-00C04F79EFBC}") = "ÅrstidMetodeUnitTest", "ÅrstidMetodeUnitTest\ÅrstidMetodeUnitTest.csproj", "{331870F0-8E42-47D6-A502-2DB421E8DB9B}"
EndProject
Global
	GlobalSection(SolutionConfigurationPlatforms) = preSolution
		Debug|Any CPU = Debug|Any CPU
		Release|Any CPU = Release|Any CPU
	EndGlobalSection
	GlobalSection(ProjectConfigurationPlatforms) = postSolution
		{56D6C600-9F67-4F35-BD36-715638C4A5D1}.Debug|Any CPU.ActiveCfg = Debug|Any CPU
		{56D6C600-9F67-4F35-BD36-715638C4A5D1}.Debug|Any CPU.Build.0 = Debug|Any CPU
		{56D6C600-9F67-4F35-BD36-715638C4A5D1}.Release|Any CPU.ActiveCfg = Release|Any CPU
		{56D6C600-9F67-4F35-BD36-715638C4A5D1}.Release|Any CPU.Build.0 = Release|Any CPU
		{331870F0-8E42-47D6-A502-2DB421E8DB9B}.Debug|Any CPU.ActiveCfg = Debug|Any CPU
		{331870F0-8E42-47D6-A502-2DB421E8DB9B}.Debug|Any CPU.Build.0 = Debug|Any CPU
		{331870F0-8E42-47D6-A502-2DB421E8DB9B}.Release|Any CPU.ActiveCfg = Release|Any CPU
		{331870F0-8E42-47D6-A502-2DB421E8DB9B}.Release|Any CPU.Build.0 = Release|Any CPU
	EndGlobalSection
	GlobalSection(SolutionProperties) = preSolution
		HideSolutionNode = FALSE
	EndGlobalSection
	GlobalSection(ExtensibilityGlobals) = postSolution
		SolutionGuid = {4F5AB71A-25D4-4B6D-AC98-DEC3CA625E5C}
	EndGlobalSection
EndGlobal
